
Microsoft Visual Studio Solution File, Format Version 12.00
# Visual Studio Version 16
VisualStudioVersion = 16.0.30503.244
MinimumVisualStudioVersion = 10.0.40219.1
Project("{FAE04EC0-301F-11D3-BF4B-00C04F79EFBC}") = "DobbiLearnTelegramBot", "DobbiLearnTelegramBot\DobbiLearnTelegramBot.csproj", "{8B216ECB-FF6A-4861-995F-40ABF799331D}"
EndProject
Global
	GlobalSection(SolutionConfigurationPlatforms) = preSolution
		Debug|Any CPU = Debug|Any CPU
		Release|Any CPU = Release|Any CPU
	EndGlobalSection
	GlobalSection(ProjectConfigurationPlatforms) = postSolution
		{8B216ECB-FF6A-4861-995F-40ABF799331D}.Debug|Any CPU.ActiveCfg = Debug|Any CPU
		{8B216ECB-FF6A-4861-995F-40ABF799331D}.Debug|Any CPU.Build.0 = Debug|Any CPU
		{8B216ECB-FF6A-4861-995F-40ABF799331D}.Release|Any CPU.ActiveCfg = Release|Any CPU
		{8B216ECB-FF6A-4861-995F-40ABF799331D}.Release|Any CPU.Build.0 = Release|Any CPU
	EndGlobalSection
	GlobalSection(SolutionProperties) = preSolution
		HideSolutionNode = FALSE
	EndGlobalSection
	GlobalSection(ExtensibilityGlobals) = postSolution
		SolutionGuid = {C1A2D325-7995-40FC-AA31-59ED43942EB4}
	EndGlobalSection
EndGlobal
